
Microsoft Visual Studio Solution File, Format Version 12.00
# Visual Studio Version 17
VisualStudioVersion = 17.9.34407.89
MinimumVisualStudioVersion = 10.0.40219.1
Project("{FAE04EC0-301F-11D3-BF4B-00C04F79EFBC}") = "DAL", "DAL\DAL.csproj", "{EA6F0EF4-9ABF-441E-997C-19A5C29EB1E3}"
EndProject
Project("{FAE04EC0-301F-11D3-BF4B-00C04F79EFBC}") = "BLL", "DLL\BLL.csproj", "{DE22AFD7-5469-4321-99BB-B16F1C9A7920}"
EndProject
Project("{FAE04EC0-301F-11D3-BF4B-00C04F79EFBC}") = "NorthWind UI", "NorthWind UI\NorthWind UI.csproj", "{C0C5681A-F931-4DAB-9352-CCDAD131338A}"
EndProject
Global
	GlobalSection(SolutionConfigurationPlatforms) = preSolution
		Debug|Any CPU = Debug|Any CPU
		Release|Any CPU = Release|Any CPU
	EndGlobalSection
	GlobalSection(ProjectConfigurationPlatforms) = postSolution
		{EA6F0EF4-9ABF-441E-997C-19A5C29EB1E3}.Debug|Any CPU.ActiveCfg = Debug|Any CPU
		{EA6F0EF4-9ABF-441E-997C-19A5C29EB1E3}.Debug|Any CPU.Build.0 = Debug|Any CPU
		{EA6F0EF4-9ABF-441E-997C-19A5C29EB1E3}.Release|Any CPU.ActiveCfg = Release|Any CPU
		{EA6F0EF4-9ABF-441E-997C-19A5C29EB1E3}.Release|Any CPU.Build.0 = Release|Any CPU
		{DE22AFD7-5469-4321-99BB-B16F1C9A7920}.Debug|Any CPU.ActiveCfg = Debug|Any CPU
		{DE22AFD7-5469-4321-99BB-B16F1C9A7920}.Debug|Any CPU.Build.0 = Debug|Any CPU
		{DE22AFD7-5469-4321-99BB-B16F1C9A7920}.Release|Any CPU.ActiveCfg = Release|Any CPU
		{DE22AFD7-5469-4321-99BB-B16F1C9A7920}.Release|Any CPU.Build.0 = Release|Any CPU
		{C0C5681A-F931-4DAB-9352-CCDAD131338A}.Debug|Any CPU.ActiveCfg = Debug|Any CPU
		{C0C5681A-F931-4DAB-9352-CCDAD131338A}.Debug|Any CPU.Build.0 = Debug|Any CPU
		{C0C5681A-F931-4DAB-9352-CCDAD131338A}.Release|Any CPU.ActiveCfg = Release|Any CPU
		{C0C5681A-F931-4DAB-9352-CCDAD131338A}.Release|Any CPU.Build.0 = Release|Any CPU
	EndGlobalSection
	GlobalSection(SolutionProperties) = preSolution
		HideSolutionNode = FALSE
	EndGlobalSection
	GlobalSection(ExtensibilityGlobals) = postSolution
		SolutionGuid = {03A61964-673B-41EE-BB2E-C91D2A96D133}
	EndGlobalSection
EndGlobal
